
Microsoft Visual Studio Solution File, Format Version 12.00
# Visual Studio Version 17
VisualStudioVersion = 17.11.35327.3
MinimumVisualStudioVersion = 10.0.40219.1
Project("{FAE04EC0-301F-11D3-BF4B-00C04F79EFBC}") = "TodoList.Models", "TodoList.Models\TodoList.Models.csproj", "{B1C13CF9-62A5-42B9-AA87-C3B6DEC8CD91}"
EndProject
Project("{FAE04EC0-301F-11D3-BF4B-00C04F79EFBC}") = "Core", "Core\Core.csproj", "{103080E9-130A-4D76-BB19-FD59413E65A3}"
EndProject
Project("{FAE04EC0-301F-11D3-BF4B-00C04F79EFBC}") = "TodoList.DataAccess", "TodoList.DataAccess\TodoList.DataAccess.csproj", "{876C6F9F-CFCB-41DB-8419-10BAFE6764D9}"
EndProject
Project("{FAE04EC0-301F-11D3-BF4B-00C04F79EFBC}") = "TodoList.Service", "TodoList.Service\TodoList.Service.csproj", "{6EBEEEFF-17E1-457D-9243-CA8DCEE1B4A7}"
EndProject
Project("{FAE04EC0-301F-11D3-BF4B-00C04F79EFBC}") = "TodoList.API", "TodoList.API\TodoList.API.csproj", "{2CE7BEE4-0976-4365-B960-501F82C6BE2A}"
EndProject
Global
	GlobalSection(SolutionConfigurationPlatforms) = preSolution
		Debug|Any CPU = Debug|Any CPU
		Release|Any CPU = Release|Any CPU
	EndGlobalSection
	GlobalSection(ProjectConfigurationPlatforms) = postSolution
		{B1C13CF9-62A5-42B9-AA87-C3B6DEC8CD91}.Debug|Any CPU.ActiveCfg = Debug|Any CPU
		{B1C13CF9-62A5-42B9-AA87-C3B6DEC8CD91}.Debug|Any CPU.Build.0 = Debug|Any CPU
		{B1C13CF9-62A5-42B9-AA87-C3B6DEC8CD91}.Release|Any CPU.ActiveCfg = Release|Any CPU
		{B1C13CF9-62A5-42B9-AA87-C3B6DEC8CD91}.Release|Any CPU.Build.0 = Release|Any CPU
		{103080E9-130A-4D76-BB19-FD59413E65A3}.Debug|Any CPU.ActiveCfg = Debug|Any CPU
		{103080E9-130A-4D76-BB19-FD59413E65A3}.Debug|Any CPU.Build.0 = Debug|Any CPU
		{103080E9-130A-4D76-BB19-FD59413E65A3}.Release|Any CPU.ActiveCfg = Release|Any CPU
		{103080E9-130A-4D76-BB19-FD59413E65A3}.Release|Any CPU.Build.0 = Release|Any CPU
		{876C6F9F-CFCB-41DB-8419-10BAFE6764D9}.Debug|Any CPU.ActiveCfg = Debug|Any CPU
		{876C6F9F-CFCB-41DB-8419-10BAFE6764D9}.Debug|Any CPU.Build.0 = Debug|Any CPU
		{876C6F9F-CFCB-41DB-8419-10BAFE6764D9}.Release|Any CPU.ActiveCfg = Release|Any CPU
		{876C6F9F-CFCB-41DB-8419-10BAFE6764D9}.Release|Any CPU.Build.0 = Release|Any CPU
		{6EBEEEFF-17E1-457D-9243-CA8DCEE1B4A7}.Debug|Any CPU.ActiveCfg = Debug|Any CPU
		{6EBEEEFF-17E1-457D-9243-CA8DCEE1B4A7}.Debug|Any CPU.Build.0 = Debug|Any CPU
		{6EBEEEFF-17E1-457D-9243-CA8DCEE1B4A7}.Release|Any CPU.ActiveCfg = Release|Any CPU
		{6EBEEEFF-17E1-457D-9243-CA8DCEE1B4A7}.Release|Any CPU.Build.0 = Release|Any CPU
		{2CE7BEE4-0976-4365-B960-501F82C6BE2A}.Debug|Any CPU.ActiveCfg = Debug|Any CPU
		{2CE7BEE4-0976-4365-B960-501F82C6BE2A}.Debug|Any CPU.Build.0 = Debug|Any CPU
		{2CE7BEE4-0976-4365-B960-501F82C6BE2A}.Release|Any CPU.ActiveCfg = Release|Any CPU
		{2CE7BEE4-0976-4365-B960-501F82C6BE2A}.Release|Any CPU.Build.0 = Release|Any CPU
	EndGlobalSection
	GlobalSection(SolutionProperties) = preSolution
		HideSolutionNode = FALSE
	EndGlobalSection
	GlobalSection(ExtensibilityGlobals) = postSolution
		SolutionGuid = {D06E8AAD-1AD4-4216-BBDC-F84C61A95CED}
	EndGlobalSection
EndGlobal
